// !$*UTF8*$!
{
	archiveVersion = 1;
	classes = {
	};
	objectVersion = 55;
	objects = {

/* Begin PBXBuildFile section */
		C62B0A1D298F093E00A52ED1 /* FoodListViewController.swift in Sources */ = {isa = PBXBuildFile; fileRef = C62B0A1C298F093E00A52ED1 /* FoodListViewController.swift */; };
		C62B0A1F298F0B6900A52ED1 /* UIView+Ext.swift in Sources */ = {isa = PBXBuildFile; fileRef = C62B0A1E298F0B6900A52ED1 /* UIView+Ext.swift */; };
		C62B0A21298F0D5500A52ED1 /* foodCell.swift in Sources */ = {isa = PBXBuildFile; fileRef = C62B0A20298F0D5500A52ED1 /* foodCell.swift */; };
		C62C5C05298F71A200989D46 /* Foods.swift in Sources */ = {isa = PBXBuildFile; fileRef = C62C5C04298F71A200989D46 /* Foods.swift */; };
		C62C5C08298F728700989D46 /* Constants.swift in Sources */ = {isa = PBXBuildFile; fileRef = C62C5C07298F728700989D46 /* Constants.swift */; };
		C62C5C0C298FDE6800989D46 /* FoodModel.swift in Sources */ = {isa = PBXBuildFile; fileRef = C62C5C0B298FDE6800989D46 /* FoodModel.swift */; };
		C62C5C0E298FE21A00989D46 /* FoodTableViewController.swift in Sources */ = {isa = PBXBuildFile; fileRef = C62C5C0D298FE21A00989D46 /* FoodTableViewController.swift */; };
		C62C5C10298FE9D900989D46 /* FoodDetailsViewController.swift in Sources */ = {isa = PBXBuildFile; fileRef = C62C5C0F298FE9D900989D46 /* FoodDetailsViewController.swift */; };
		C6AC788A298D90ED0001A7D9 /* AppDelegate.swift in Sources */ = {isa = PBXBuildFile; fileRef = C6AC7889298D90ED0001A7D9 /* AppDelegate.swift */; };
		C6AC788C298D90ED0001A7D9 /* SceneDelegate.swift in Sources */ = {isa = PBXBuildFile; fileRef = C6AC788B298D90ED0001A7D9 /* SceneDelegate.swift */; };
		C6AC7893298D90EF0001A7D9 /* Assets.xcassets in Resources */ = {isa = PBXBuildFile; fileRef = C6AC7892298D90EF0001A7D9 /* Assets.xcassets */; };
		C6AC7896298D90EF0001A7D9 /* LaunchScreen.storyboard in Resources */ = {isa = PBXBuildFile; fileRef = C6AC7894298D90EF0001A7D9 /* LaunchScreen.storyboard */; };
		C6AC78A1298D90EF0001A7D9 /* Food_ZoneTests.swift in Sources */ = {isa = PBXBuildFile; fileRef = C6AC78A0298D90EF0001A7D9 /* Food_ZoneTests.swift */; };
		C6AC78AB298D90EF0001A7D9 /* Food_ZoneUITests.swift in Sources */ = {isa = PBXBuildFile; fileRef = C6AC78AA298D90EF0001A7D9 /* Food_ZoneUITests.swift */; };
		C6AC78AD298D90EF0001A7D9 /* Food_ZoneUITestsLaunchTests.swift in Sources */ = {isa = PBXBuildFile; fileRef = C6AC78AC298D90EF0001A7D9 /* Food_ZoneUITestsLaunchTests.swift */; };
		C6AC78BB298D91B70001A7D9 /* LoginController.swift in Sources */ = {isa = PBXBuildFile; fileRef = C6AC78BA298D91B70001A7D9 /* LoginController.swift */; };
		C6AC78BD298D91CB0001A7D9 /* HomeController.swift in Sources */ = {isa = PBXBuildFile; fileRef = C6AC78BC298D91CB0001A7D9 /* HomeController.swift */; };
		C6AC78BF298D91E60001A7D9 /* ForgotPasswordController.swift in Sources */ = {isa = PBXBuildFile; fileRef = C6AC78BE298D91E60001A7D9 /* ForgotPasswordController.swift */; };
		C6AC78C1298D920A0001A7D9 /* RegisterControllerController.swift in Sources */ = {isa = PBXBuildFile; fileRef = C6AC78C0298D920A0001A7D9 /* RegisterControllerController.swift */; };
		C6AC78C6298D92710001A7D9 /* CustomTextField.swift in Sources */ = {isa = PBXBuildFile; fileRef = C6AC78C5298D92710001A7D9 /* CustomTextField.swift */; };
		C6AC78C8298D92970001A7D9 /* CustomButton.swift in Sources */ = {isa = PBXBuildFile; fileRef = C6AC78C7298D92970001A7D9 /* CustomButton.swift */; };
		C6AC78CA298D93D70001A7D9 /* AuthHeaderView.swift in Sources */ = {isa = PBXBuildFile; fileRef = C6AC78C9298D93D70001A7D9 /* AuthHeaderView.swift */; };
		C6AC78D1298D96260001A7D9 /* SnapKit in Frameworks */ = {isa = PBXBuildFile; productRef = C6AC78D0298D96260001A7D9 /* SnapKit */; };
		C6AC78D4298D96370001A7D9 /* Kingfisher in Frameworks */ = {isa = PBXBuildFile; productRef = C6AC78D3298D96370001A7D9 /* Kingfisher */; };
		C6AC78D8298D97490001A7D9 /* DetailsPageViewController.swift in Sources */ = {isa = PBXBuildFile; fileRef = C6AC78D7298D97490001A7D9 /* DetailsPageViewController.swift */; };
		C6AC78DA298E43D60001A7D9 /* GoogleService-Info.plist in Resources */ = {isa = PBXBuildFile; fileRef = C6AC78D9298E43D60001A7D9 /* GoogleService-Info.plist */; };
		C6AC78DD298E46420001A7D9 /* FirebaseAuth in Frameworks */ = {isa = PBXBuildFile; productRef = C6AC78DC298E46420001A7D9 /* FirebaseAuth */; };
		C6AC78DF298E46420001A7D9 /* FirebaseFirestore in Frameworks */ = {isa = PBXBuildFile; productRef = C6AC78DE298E46420001A7D9 /* FirebaseFirestore */; };
		C6AC78E1298E4FF00001A7D9 /* AuthService.swift in Sources */ = {isa = PBXBuildFile; fileRef = C6AC78E0298E4FF00001A7D9 /* AuthService.swift */; };
		C6AC78E4298E524E0001A7D9 /* RegisterUserRequest.swift in Sources */ = {isa = PBXBuildFile; fileRef = C6AC78E3298E524E0001A7D9 /* RegisterUserRequest.swift */; };
		C6AC78E6298E57710001A7D9 /* LoginUserRequest.swift in Sources */ = {isa = PBXBuildFile; fileRef = C6AC78E5298E57710001A7D9 /* LoginUserRequest.swift */; };
		C6AC78E8298E5FC40001A7D9 /* AlertManager.swift in Sources */ = {isa = PBXBuildFile; fileRef = C6AC78E7298E5FC40001A7D9 /* AlertManager.swift */; };
		C6AC78EA298E61A30001A7D9 /* Validator.swift in Sources */ = {isa = PBXBuildFile; fileRef = C6AC78E9298E61A30001A7D9 /* Validator.swift */; };
		C6AC78EC298E78650001A7D9 /* User.swift in Sources */ = {isa = PBXBuildFile; fileRef = C6AC78EB298E78650001A7D9 /* User.swift */; };
/* End PBXBuildFile section */

/* Begin PBXContainerItemProxy section */
		C6AC789D298D90EF0001A7D9 /* PBXContainerItemProxy */ = {
			isa = PBXContainerItemProxy;
			containerPortal = C6AC787E298D90ED0001A7D9 /* Project object */;
			proxyType = 1;
			remoteGlobalIDString = C6AC7885298D90ED0001A7D9;
			remoteInfo = Food_Zone;
		};
		C6AC78A7298D90EF0001A7D9 /* PBXContainerItemProxy */ = {
			isa = PBXContainerItemProxy;
			containerPortal = C6AC787E298D90ED0001A7D9 /* Project object */;
			proxyType = 1;
			remoteGlobalIDString = C6AC7885298D90ED0001A7D9;
			remoteInfo = Food_Zone;
		};
/* End PBXContainerItemProxy section */

/* Begin PBXFileReference section */
		C62B0A1C298F093E00A52ED1 /* FoodListViewController.swift */ = {isa = PBXFileReference; lastKnownFileType = sourcecode.swift; path = FoodListViewController.swift; sourceTree = "<group>"; };
		C62B0A1E298F0B6900A52ED1 /* UIView+Ext.swift */ = {isa = PBXFileReference; lastKnownFileType = sourcecode.swift; path = "UIView+Ext.swift"; sourceTree = "<group>"; };
		C62B0A20298F0D5500A52ED1 /* foodCell.swift */ = {isa = PBXFileReference; lastKnownFileType = sourcecode.swift; path = foodCell.swift; sourceTree = "<group>"; };
		C62C5C04298F71A200989D46 /* Foods.swift */ = {isa = PBXFileReference; lastKnownFileType = sourcecode.swift; path = Foods.swift; sourceTree = "<group>"; };
		C62C5C07298F728700989D46 /* Constants.swift */ = {isa = PBXFileReference; lastKnownFileType = sourcecode.swift; path = Constants.swift; sourceTree = "<group>"; };
		C62C5C0B298FDE6800989D46 /* FoodModel.swift */ = {isa = PBXFileReference; lastKnownFileType = sourcecode.swift; path = FoodModel.swift; sourceTree = "<group>"; };
		C62C5C0D298FE21A00989D46 /* FoodTableViewController.swift */ = {isa = PBXFileReference; lastKnownFileType = sourcecode.swift; path = FoodTableViewController.swift; sourceTree = "<group>"; };
		C62C5C0F298FE9D900989D46 /* FoodDetailsViewController.swift */ = {isa = PBXFileReference; lastKnownFileType = sourcecode.swift; path = FoodDetailsViewController.swift; sourceTree = "<group>"; };
		C6AC7886298D90ED0001A7D9 /* Food_Zone.app */ = {isa = PBXFileReference; explicitFileType = wrapper.application; includeInIndex = 0; path = Food_Zone.app; sourceTree = BUILT_PRODUCTS_DIR; };
		C6AC7889298D90ED0001A7D9 /* AppDelegate.swift */ = {isa = PBXFileReference; lastKnownFileType = sourcecode.swift; path = AppDelegate.swift; sourceTree = "<group>"; };
		C6AC788B298D90ED0001A7D9 /* SceneDelegate.swift */ = {isa = PBXFileReference; lastKnownFileType = sourcecode.swift; path = SceneDelegate.swift; sourceTree = "<group>"; };
		C6AC7892298D90EF0001A7D9 /* Assets.xcassets */ = {isa = PBXFileReference; lastKnownFileType = folder.assetcatalog; path = Assets.xcassets; sourceTree = "<group>"; };
		C6AC7895298D90EF0001A7D9 /* Base */ = {isa = PBXFileReference; lastKnownFileType = file.storyboard; name = Base; path = Base.lproj/LaunchScreen.storyboard; sourceTree = "<group>"; };
		C6AC7897298D90EF0001A7D9 /* Info.plist */ = {isa = PBXFileReference; lastKnownFileType = text.plist.xml; path = Info.plist; sourceTree = "<group>"; };
		C6AC789C298D90EF0001A7D9 /* Food_ZoneTests.xctest */ = {isa = PBXFileReference; explicitFileType = wrapper.cfbundle; includeInIndex = 0; path = Food_ZoneTests.xctest; sourceTree = BUILT_PRODUCTS_DIR; };
		C6AC78A0298D90EF0001A7D9 /* Food_ZoneTests.swift */ = {isa = PBXFileReference; lastKnownFileType = sourcecode.swift; path = Food_ZoneTests.swift; sourceTree = "<group>"; };
		C6AC78A6298D90EF0001A7D9 /* Food_ZoneUITests.xctest */ = {isa = PBXFileReference; explicitFileType = wrapper.cfbundle; includeInIndex = 0; path = Food_ZoneUITests.xctest; sourceTree = BUILT_PRODUCTS_DIR; };
		C6AC78AA298D90EF0001A7D9 /* Food_ZoneUITests.swift */ = {isa = PBXFileReference; lastKnownFileType = sourcecode.swift; path = Food_ZoneUITests.swift; sourceTree = "<group>"; };
		C6AC78AC298D90EF0001A7D9 /* Food_ZoneUITestsLaunchTests.swift */ = {isa = PBXFileReference; lastKnownFileType = sourcecode.swift; path = Food_ZoneUITestsLaunchTests.swift; sourceTree = "<group>"; };
		C6AC78BA298D91B70001A7D9 /* LoginController.swift */ = {isa = PBXFileReference; lastKnownFileType = sourcecode.swift; path = LoginController.swift; sourceTree = "<group>"; };
		C6AC78BC298D91CB0001A7D9 /* HomeController.swift */ = {isa = PBXFileReference; lastKnownFileType = sourcecode.swift; path = HomeController.swift; sourceTree = "<group>"; };
		C6AC78BE298D91E60001A7D9 /* ForgotPasswordController.swift */ = {isa = PBXFileReference; lastKnownFileType = sourcecode.swift; path = ForgotPasswordController.swift; sourceTree = "<group>"; };
		C6AC78C0298D920A0001A7D9 /* RegisterControllerController.swift */ = {isa = PBXFileReference; lastKnownFileType = sourcecode.swift; path = RegisterControllerController.swift; sourceTree = "<group>"; };
		C6AC78C5298D92710001A7D9 /* CustomTextField.swift */ = {isa = PBXFileReference; lastKnownFileType = sourcecode.swift; path = CustomTextField.swift; sourceTree = "<group>"; };
		C6AC78C7298D92970001A7D9 /* CustomButton.swift */ = {isa = PBXFileReference; lastKnownFileType = sourcecode.swift; path = CustomButton.swift; sourceTree = "<group>"; };
		C6AC78C9298D93D70001A7D9 /* AuthHeaderView.swift */ = {isa = PBXFileReference; lastKnownFileType = sourcecode.swift; path = AuthHeaderView.swift; sourceTree = "<group>"; };
		C6AC78D7298D97490001A7D9 /* DetailsPageViewController.swift */ = {isa = PBXFileReference; lastKnownFileType = sourcecode.swift; path = DetailsPageViewController.swift; sourceTree = "<group>"; };
		C6AC78D9298E43D60001A7D9 /* GoogleService-Info.plist */ = {isa = PBXFileReference; fileEncoding = 4; lastKnownFileType = text.plist.xml; path = "GoogleService-Info.plist"; sourceTree = "<group>"; };
		C6AC78E0298E4FF00001A7D9 /* AuthService.swift */ = {isa = PBXFileReference; lastKnownFileType = sourcecode.swift; path = AuthService.swift; sourceTree = "<group>"; };
		C6AC78E3298E524E0001A7D9 /* RegisterUserRequest.swift */ = {isa = PBXFileReference; lastKnownFileType = sourcecode.swift; path = RegisterUserRequest.swift; sourceTree = "<group>"; };
		C6AC78E5298E57710001A7D9 /* LoginUserRequest.swift */ = {isa = PBXFileReference; lastKnownFileType = sourcecode.swift; path = LoginUserRequest.swift; sourceTree = "<group>"; };
		C6AC78E7298E5FC40001A7D9 /* AlertManager.swift */ = {isa = PBXFileReference; lastKnownFileType = sourcecode.swift; path = AlertManager.swift; sourceTree = "<group>"; };
		C6AC78E9298E61A30001A7D9 /* Validator.swift */ = {isa = PBXFileReference; lastKnownFileType = sourcecode.swift; path = Validator.swift; sourceTree = "<group>"; };
		C6AC78EB298E78650001A7D9 /* User.swift */ = {isa = PBXFileReference; lastKnownFileType = sourcecode.swift; path = User.swift; sourceTree = "<group>"; };
/* End PBXFileReference section */

/* Begin PBXFrameworksBuildPhase section */
		C6AC7883298D90ED0001A7D9 /* Frameworks */ = {
			isa = PBXFrameworksBuildPhase;
			buildActionMask = 2147483647;
			files = (
				C6AC78D4298D96370001A7D9 /* Kingfisher in Frameworks */,
				C6AC78DF298E46420001A7D9 /* FirebaseFirestore in Frameworks */,
				C6AC78DD298E46420001A7D9 /* FirebaseAuth in Frameworks */,
				C6AC78D1298D96260001A7D9 /* SnapKit in Frameworks */,
			);
			runOnlyForDeploymentPostprocessing = 0;
		};
		C6AC7899298D90EF0001A7D9 /* Frameworks */ = {
			isa = PBXFrameworksBuildPhase;
			buildActionMask = 2147483647;
			files = (
			);
			runOnlyForDeploymentPostprocessing = 0;
		};
		C6AC78A3298D90EF0001A7D9 /* Frameworks */ = {
			isa = PBXFrameworksBuildPhase;
			buildActionMask = 2147483647;
			files = (
			);
			runOnlyForDeploymentPostprocessing = 0;
		};
/* End PBXFrameworksBuildPhase section */

/* Begin PBXGroup section */
		C62C5C06298F723E00989D46 /* Extensions -Utilities */ = {
			isa = PBXGroup;
			children = (
				C62B0A1E298F0B6900A52ED1 /* UIView+Ext.swift */,
				C62C5C07298F728700989D46 /* Constants.swift */,
			);
			path = "Extensions -Utilities";
			sourceTree = "<group>";
		};
		C62C5C0A298F89AC00989D46 /* Supportings */ = {
			isa = PBXGroup;
			children = (
				C6AC788B298D90ED0001A7D9 /* SceneDelegate.swift */,
				C6AC7889298D90ED0001A7D9 /* AppDelegate.swift */,
			);
			path = Supportings;
			sourceTree = "<group>";
		};
		C62C5C11298FF79A00989D46 /* Authentication */ = {
			isa = PBXGroup;
			children = (
				C6AC78E9298E61A30001A7D9 /* Validator.swift */,
				C6AC78E7298E5FC40001A7D9 /* AlertManager.swift */,
				C6AC78E0298E4FF00001A7D9 /* AuthService.swift */,
			);
			path = Authentication;
			sourceTree = "<group>";
		};
		C6AC787D298D90ED0001A7D9 = {
			isa = PBXGroup;
			children = (
				C6AC7888298D90ED0001A7D9 /* Food_Zone */,
				C6AC789F298D90EF0001A7D9 /* Food_ZoneTests */,
				C6AC78A9298D90EF0001A7D9 /* Food_ZoneUITests */,
				C6AC7887298D90ED0001A7D9 /* Products */,
			);
			sourceTree = "<group>";
		};
		C6AC7887298D90ED0001A7D9 /* Products */ = {
			isa = PBXGroup;
			children = (
				C6AC7886298D90ED0001A7D9 /* Food_Zone.app */,
				C6AC789C298D90EF0001A7D9 /* Food_ZoneTests.xctest */,
				C6AC78A6298D90EF0001A7D9 /* Food_ZoneUITests.xctest */,
			);
			name = Products;
			sourceTree = "<group>";
		};
		C6AC7888298D90ED0001A7D9 /* Food_Zone */ = {
			isa = PBXGroup;
			children = (
				C62C5C11298FF79A00989D46 /* Authentication */,
				C62C5C0A298F89AC00989D46 /* Supportings */,
				C62C5C06298F723E00989D46 /* Extensions -Utilities */,
				C6AC78E2298E51770001A7D9 /* Models */,
				C6AC78C2298D920F0001A7D9 /* Views */,
				C6AC78B9298D91960001A7D9 /* ViewControllers */,
				C6AC7892298D90EF0001A7D9 /* Assets.xcassets */,
				C6AC7894298D90EF0001A7D9 /* LaunchScreen.storyboard */,
				C6AC7897298D90EF0001A7D9 /* Info.plist */,
				C6AC78D9298E43D60001A7D9 /* GoogleService-Info.plist */,
			);
			path = Food_Zone;
			sourceTree = "<group>";
		};
		C6AC789F298D90EF0001A7D9 /* Food_ZoneTests */ = {
			isa = PBXGroup;
			children = (
				C6AC78A0298D90EF0001A7D9 /* Food_ZoneTests.swift */,
			);
			path = Food_ZoneTests;
			sourceTree = "<group>";
		};
		C6AC78A9298D90EF0001A7D9 /* Food_ZoneUITests */ = {
			isa = PBXGroup;
			children = (
				C6AC78AA298D90EF0001A7D9 /* Food_ZoneUITests.swift */,
				C6AC78AC298D90EF0001A7D9 /* Food_ZoneUITestsLaunchTests.swift */,
			);
			path = Food_ZoneUITests;
			sourceTree = "<group>";
		};
		C6AC78B9298D91960001A7D9 /* ViewControllers */ = {
			isa = PBXGroup;
			children = (
				C6AC78BA298D91B70001A7D9 /* LoginController.swift */,
				C6AC78BC298D91CB0001A7D9 /* HomeController.swift */,
				C6AC78BE298D91E60001A7D9 /* ForgotPasswordController.swift */,
				C6AC78C0298D920A0001A7D9 /* RegisterControllerController.swift */,
				C62B0A1C298F093E00A52ED1 /* FoodListViewController.swift */,
				C6AC78D7298D97490001A7D9 /* DetailsPageViewController.swift */,
				C62C5C0D298FE21A00989D46 /* FoodTableViewController.swift */,
				C62C5C0F298FE9D900989D46 /* FoodDetailsViewController.swift */,
			);
			path = ViewControllers;
			sourceTree = "<group>";
		};
		C6AC78C2298D920F0001A7D9 /* Views */ = {
			isa = PBXGroup;
			children = (
				C6AC78C5298D92710001A7D9 /* CustomTextField.swift */,
				C6AC78C7298D92970001A7D9 /* CustomButton.swift */,
				C6AC78C9298D93D70001A7D9 /* AuthHeaderView.swift */,
				C62B0A20298F0D5500A52ED1 /* foodCell.swift */,
			);
			path = Views;
			sourceTree = "<group>";
		};
		C6AC78E2298E51770001A7D9 /* Models */ = {
			isa = PBXGroup;
			children = (
				C6AC78E3298E524E0001A7D9 /* RegisterUserRequest.swift */,
				C6AC78E5298E57710001A7D9 /* LoginUserRequest.swift */,
				C6AC78EB298E78650001A7D9 /* User.swift */,
				C62C5C04298F71A200989D46 /* Foods.swift */,
				C62C5C0B298FDE6800989D46 /* FoodModel.swift */,
			);
			path = Models;
			sourceTree = "<group>";
		};
/* End PBXGroup section */

/* Begin PBXNativeTarget section */
		C6AC7885298D90ED0001A7D9 /* Food_Zone */ = {
			isa = PBXNativeTarget;
			buildConfigurationList = C6AC78B0298D90EF0001A7D9 /* Build configuration list for PBXNativeTarget "Food_Zone" */;
			buildPhases = (
				C6AC7882298D90ED0001A7D9 /* Sources */,
				C6AC7883298D90ED0001A7D9 /* Frameworks */,
				C6AC7884298D90ED0001A7D9 /* Resources */,
			);
			buildRules = (
			);
			dependencies = (
			);
			name = Food_Zone;
			packageProductDependencies = (
				C6AC78D0298D96260001A7D9 /* SnapKit */,
				C6AC78D3298D96370001A7D9 /* Kingfisher */,
				C6AC78DC298E46420001A7D9 /* FirebaseAuth */,
				C6AC78DE298E46420001A7D9 /* FirebaseFirestore */,
			);
			productName = Food_Zone;
			productReference = C6AC7886298D90ED0001A7D9 /* Food_Zone.app */;
			productType = "com.apple.product-type.application";
		};
		C6AC789B298D90EF0001A7D9 /* Food_ZoneTests */ = {
			isa = PBXNativeTarget;
			buildConfigurationList = C6AC78B3298D90EF0001A7D9 /* Build configuration list for PBXNativeTarget "Food_ZoneTests" */;
			buildPhases = (
				C6AC7898298D90EF0001A7D9 /* Sources */,
				C6AC7899298D90EF0001A7D9 /* Frameworks */,
				C6AC789A298D90EF0001A7D9 /* Resources */,
			);
			buildRules = (
			);
			dependencies = (
				C6AC789E298D90EF0001A7D9 /* PBXTargetDependency */,
			);
			name = Food_ZoneTests;
			productName = Food_ZoneTests;
			productReference = C6AC789C298D90EF0001A7D9 /* Food_ZoneTests.xctest */;
			productType = "com.apple.product-type.bundle.unit-test";
		};
		C6AC78A5298D90EF0001A7D9 /* Food_ZoneUITests */ = {
			isa = PBXNativeTarget;
			buildConfigurationList = C6AC78B6298D90EF0001A7D9 /* Build configuration list for PBXNativeTarget "Food_ZoneUITests" */;
			buildPhases = (
				C6AC78A2298D90EF0001A7D9 /* Sources */,
				C6AC78A3298D90EF0001A7D9 /* Frameworks */,
				C6AC78A4298D90EF0001A7D9 /* Resources */,
			);
			buildRules = (
			);
			dependencies = (
				C6AC78A8298D90EF0001A7D9 /* PBXTargetDependency */,
			);
			name = Food_ZoneUITests;
			productName = Food_ZoneUITests;
			productReference = C6AC78A6298D90EF0001A7D9 /* Food_ZoneUITests.xctest */;
			productType = "com.apple.product-type.bundle.ui-testing";
		};
/* End PBXNativeTarget section */

/* Begin PBXProject section */
		C6AC787E298D90ED0001A7D9 /* Project object */ = {
			isa = PBXProject;
			attributes = {
				BuildIndependentTargetsInParallel = 1;
				LastSwiftUpdateCheck = 1320;
				LastUpgradeCheck = 1320;
				TargetAttributes = {
					C6AC7885298D90ED0001A7D9 = {
						CreatedOnToolsVersion = 13.2.1;
					};
					C6AC789B298D90EF0001A7D9 = {
						CreatedOnToolsVersion = 13.2.1;
						TestTargetID = C6AC7885298D90ED0001A7D9;
					};
					C6AC78A5298D90EF0001A7D9 = {
						CreatedOnToolsVersion = 13.2.1;
						TestTargetID = C6AC7885298D90ED0001A7D9;
					};
				};
			};
			buildConfigurationList = C6AC7881298D90ED0001A7D9 /* Build configuration list for PBXProject "Food_Zone" */;
			compatibilityVersion = "Xcode 13.0";
			developmentRegion = en;
			hasScannedForEncodings = 0;
			knownRegions = (
				en,
				Base,
			);
			mainGroup = C6AC787D298D90ED0001A7D9;
			packageReferences = (
				C6AC78CF298D96260001A7D9 /* XCRemoteSwiftPackageReference "SnapKit" */,
				C6AC78D2298D96370001A7D9 /* XCRemoteSwiftPackageReference "Kingfisher" */,
				C6AC78DB298E46420001A7D9 /* XCRemoteSwiftPackageReference "firebase-ios-sdk" */,
			);
			productRefGroup = C6AC7887298D90ED0001A7D9 /* Products */;
			projectDirPath = "";
			projectRoot = "";
			targets = (
				C6AC7885298D90ED0001A7D9 /* Food_Zone */,
				C6AC789B298D90EF0001A7D9 /* Food_ZoneTests */,
				C6AC78A5298D90EF0001A7D9 /* Food_ZoneUITests */,
			);
		};
/* End PBXProject section */

/* Begin PBXResourcesBuildPhase section */
		C6AC7884298D90ED0001A7D9 /* Resources */ = {
			isa = PBXResourcesBuildPhase;
			buildActionMask = 2147483647;
			files = (
				C6AC7896298D90EF0001A7D9 /* LaunchScreen.storyboard in Resources */,
				C6AC7893298D90EF0001A7D9 /* Assets.xcassets in Resources */,
				C6AC78DA298E43D60001A7D9 /* GoogleService-Info.plist in Resources */,
			);
			runOnlyForDeploymentPostprocessing = 0;
		};
		C6AC789A298D90EF0001A7D9 /* Resources */ = {
			isa = PBXResourcesBuildPhase;
			buildActionMask = 2147483647;
			files = (
			);
			runOnlyForDeploymentPostprocessing = 0;
		};
		C6AC78A4298D90EF0001A7D9 /* Resources */ = {
			isa = PBXResourcesBuildPhase;
			buildActionMask = 2147483647;
			files = (
			);
			runOnlyForDeploymentPostprocessing = 0;
		};
/* End PBXResourcesBuildPhase section */

/* Begin PBXSourcesBuildPhase section */
		C6AC7882298D90ED0001A7D9 /* Sources */ = {
			isa = PBXSourcesBuildPhase;
			buildActionMask = 2147483647;
			files = (
				C6AC78EA298E61A30001A7D9 /* Validator.swift in Sources */,
				C62C5C0E298FE21A00989D46 /* FoodTableViewController.swift in Sources */,
				C62C5C08298F728700989D46 /* Constants.swift in Sources */,
				C6AC78C1298D920A0001A7D9 /* RegisterControllerController.swift in Sources */,
				C62C5C05298F71A200989D46 /* Foods.swift in Sources */,
				C6AC78BF298D91E60001A7D9 /* ForgotPasswordController.swift in Sources */,
				C6AC78E8298E5FC40001A7D9 /* AlertManager.swift in Sources */,
				C6AC78CA298D93D70001A7D9 /* AuthHeaderView.swift in Sources */,
				C62B0A1F298F0B6900A52ED1 /* UIView+Ext.swift in Sources */,
				C62B0A1D298F093E00A52ED1 /* FoodListViewController.swift in Sources */,
				C6AC78D8298D97490001A7D9 /* DetailsPageViewController.swift in Sources */,
				C6AC78E6298E57710001A7D9 /* LoginUserRequest.swift in Sources */,
				C6AC78EC298E78650001A7D9 /* User.swift in Sources */,
				C6AC78BB298D91B70001A7D9 /* LoginController.swift in Sources */,
				C62C5C0C298FDE6800989D46 /* FoodModel.swift in Sources */,
				C6AC78E1298E4FF00001A7D9 /* AuthService.swift in Sources */,
				C6AC78C8298D92970001A7D9 /* CustomButton.swift in Sources */,
				C6AC78E4298E524E0001A7D9 /* RegisterUserRequest.swift in Sources */,
				C6AC788A298D90ED0001A7D9 /* AppDelegate.swift in Sources */,
				C6AC788C298D90ED0001A7D9 /* SceneDelegate.swift in Sources */,
				C62B0A21298F0D5500A52ED1 /* foodCell.swift in Sources */,
				C6AC78BD298D91CB0001A7D9 /* HomeController.swift in Sources */,
				C6AC78C6298D92710001A7D9 /* CustomTextField.swift in Sources */,
				C62C5C10298FE9D900989D46 /* FoodDetailsViewController.swift in Sources */,
			);
			runOnlyForDeploymentPostprocessing = 0;
		};
		C6AC7898298D90EF0001A7D9 /* Sources */ = {
			isa = PBXSourcesBuildPhase;
			buildActionMask = 2147483647;
			files = (
				C6AC78A1298D90EF0001A7D9 /* Food_ZoneTests.swift in Sources */,
			);
			runOnlyForDeploymentPostprocessing = 0;
		};
		C6AC78A2298D90EF0001A7D9 /* Sources */ = {
			isa = PBXSourcesBuildPhase;
			buildActionMask = 2147483647;
			files = (
				C6AC78AD298D90EF0001A7D9 /* Food_ZoneUITestsLaunchTests.swift in Sources */,
				C6AC78AB298D90EF0001A7D9 /* Food_ZoneUITests.swift in Sources */,
			);
			runOnlyForDeploymentPostprocessing = 0;
		};
/* End PBXSourcesBuildPhase section */

/* Begin PBXTargetDependency section */
		C6AC789E298D90EF0001A7D9 /* PBXTargetDependency */ = {
			isa = PBXTargetDependency;
			target = C6AC7885298D90ED0001A7D9 /* Food_Zone */;
			targetProxy = C6AC789D298D90EF0001A7D9 /* PBXContainerItemProxy */;
		};
		C6AC78A8298D90EF0001A7D9 /* PBXTargetDependency */ = {
			isa = PBXTargetDependency;
			target = C6AC7885298D90ED0001A7D9 /* Food_Zone */;
			targetProxy = C6AC78A7298D90EF0001A7D9 /* PBXContainerItemProxy */;
		};
/* End PBXTargetDependency section */

/* Begin PBXVariantGroup section */
		C6AC7894298D90EF0001A7D9 /* LaunchScreen.storyboard */ = {
			isa = PBXVariantGroup;
			children = (
				C6AC7895298D90EF0001A7D9 /* Base */,
			);
			name = LaunchScreen.storyboard;
			sourceTree = "<group>";
		};
/* End PBXVariantGroup section */

/* Begin XCBuildConfiguration section */
		C6AC78AE298D90EF0001A7D9 /* Debug */ = {
			isa = XCBuildConfiguration;
			buildSettings = {
				ALWAYS_SEARCH_USER_PATHS = NO;
				CLANG_ANALYZER_NONNULL = YES;
				CLANG_ANALYZER_NUMBER_OBJECT_CONVERSION = YES_AGGRESSIVE;
				CLANG_CXX_LANGUAGE_STANDARD = "gnu++17";
				CLANG_CXX_LIBRARY = "libc++";
				CLANG_ENABLE_MODULES = YES;
				CLANG_ENABLE_OBJC_ARC = YES;
				CLANG_ENABLE_OBJC_WEAK = YES;
				CLANG_WARN_BLOCK_CAPTURE_AUTORELEASING = YES;
				CLANG_WARN_BOOL_CONVERSION = YES;
				CLANG_WARN_COMMA = YES;
				CLANG_WARN_CONSTANT_CONVERSION = YES;
				CLANG_WARN_DEPRECATED_OBJC_IMPLEMENTATIONS = YES;
				CLANG_WARN_DIRECT_OBJC_ISA_USAGE = YES_ERROR;
				CLANG_WARN_DOCUMENTATION_COMMENTS = YES;
				CLANG_WARN_EMPTY_BODY = YES;
				CLANG_WARN_ENUM_CONVERSION = YES;
				CLANG_WARN_INFINITE_RECURSION = YES;
				CLANG_WARN_INT_CONVERSION = YES;
				CLANG_WARN_NON_LITERAL_NULL_CONVERSION = YES;
				CLANG_WARN_OBJC_IMPLICIT_RETAIN_SELF = YES;
				CLANG_WARN_OBJC_LITERAL_CONVERSION = YES;
				CLANG_WARN_OBJC_ROOT_CLASS = YES_ERROR;
				CLANG_WARN_QUOTED_INCLUDE_IN_FRAMEWORK_HEADER = YES;
				CLANG_WARN_RANGE_LOOP_ANALYSIS = YES;
				CLANG_WARN_STRICT_PROTOTYPES = YES;
				CLANG_WARN_SUSPICIOUS_MOVE = YES;
				CLANG_WARN_UNGUARDED_AVAILABILITY = YES_AGGRESSIVE;
				CLANG_WARN_UNREACHABLE_CODE = YES;
				CLANG_WARN__DUPLICATE_METHOD_MATCH = YES;
				COPY_PHASE_STRIP = NO;
				DEBUG_INFORMATION_FORMAT = dwarf;
				ENABLE_STRICT_OBJC_MSGSEND = YES;
				ENABLE_TESTABILITY = YES;
				GCC_C_LANGUAGE_STANDARD = gnu11;
				GCC_DYNAMIC_NO_PIC = NO;
				GCC_NO_COMMON_BLOCKS = YES;
				GCC_OPTIMIZATION_LEVEL = 0;
				GCC_PREPROCESSOR_DEFINITIONS = (
					"DEBUG=1",
					"$(inherited)",
				);
				GCC_WARN_64_TO_32_BIT_CONVERSION = YES;
				GCC_WARN_ABOUT_RETURN_TYPE = YES_ERROR;
				GCC_WARN_UNDECLARED_SELECTOR = YES;
				GCC_WARN_UNINITIALIZED_AUTOS = YES_AGGRESSIVE;
				GCC_WARN_UNUSED_FUNCTION = YES;
				GCC_WARN_UNUSED_VARIABLE = YES;
				IPHONEOS_DEPLOYMENT_TARGET = 15.2;
				MTL_ENABLE_DEBUG_INFO = INCLUDE_SOURCE;
				MTL_FAST_MATH = YES;
				ONLY_ACTIVE_ARCH = YES;
				SDKROOT = iphoneos;
				SWIFT_ACTIVE_COMPILATION_CONDITIONS = DEBUG;
				SWIFT_OPTIMIZATION_LEVEL = "-Onone";
			};
			name = Debug;
		};
		C6AC78AF298D90EF0001A7D9 /* Release */ = {
			isa = XCBuildConfiguration;
			buildSettings = {
				ALWAYS_SEARCH_USER_PATHS = NO;
				CLANG_ANALYZER_NONNULL = YES;
				CLANG_ANALYZER_NUMBER_OBJECT_CONVERSION = YES_AGGRESSIVE;
				CLANG_CXX_LANGUAGE_STANDARD = "gnu++17";
				CLANG_CXX_LIBRARY = "libc++";
				CLANG_ENABLE_MODULES = YES;
				CLANG_ENABLE_OBJC_ARC = YES;
				CLANG_ENABLE_OBJC_WEAK = YES;
				CLANG_WARN_BLOCK_CAPTURE_AUTORELEASING = YES;
				CLANG_WARN_BOOL_CONVERSION = YES;
				CLANG_WARN_COMMA = YES;
				CLANG_WARN_CONSTANT_CONVERSION = YES;
				CLANG_WARN_DEPRECATED_OBJC_IMPLEMENTATIONS = YES;
				CLANG_WARN_DIRECT_OBJC_ISA_USAGE = YES_ERROR;
				CLANG_WARN_DOCUMENTATION_COMMENTS = YES;
				CLANG_WARN_EMPTY_BODY = YES;
				CLANG_WARN_ENUM_CONVERSION = YES;
				CLANG_WARN_INFINITE_RECURSION = YES;
				CLANG_WARN_INT_CONVERSION = YES;
				CLANG_WARN_NON_LITERAL_NULL_CONVERSION = YES;
				CLANG_WARN_OBJC_IMPLICIT_RETAIN_SELF = YES;
				CLANG_WARN_OBJC_LITERAL_CONVERSION = YES;
				CLANG_WARN_OBJC_ROOT_CLASS = YES_ERROR;
				CLANG_WARN_QUOTED_INCLUDE_IN_FRAMEWORK_HEADER = YES;
				CLANG_WARN_RANGE_LOOP_ANALYSIS = YES;
				CLANG_WARN_STRICT_PROTOTYPES = YES;
				CLANG_WARN_SUSPICIOUS_MOVE = YES;
				CLANG_WARN_UNGUARDED_AVAILABILITY = YES_AGGRESSIVE;
				CLANG_WARN_UNREACHABLE_CODE = YES;
				CLANG_WARN__DUPLICATE_METHOD_MATCH = YES;
				COPY_PHASE_STRIP = NO;
				DEBUG_INFORMATION_FORMAT = "dwarf-with-dsym";
				ENABLE_NS_ASSERTIONS = NO;
				ENABLE_STRICT_OBJC_MSGSEND = YES;
				GCC_C_LANGUAGE_STANDARD = gnu11;
				GCC_NO_COMMON_BLOCKS = YES;
				GCC_WARN_64_TO_32_BIT_CONVERSION = YES;
				GCC_WARN_ABOUT_RETURN_TYPE = YES_ERROR;
				GCC_WARN_UNDECLARED_SELECTOR = YES;
				GCC_WARN_UNINITIALIZED_AUTOS = YES_AGGRESSIVE;
				GCC_WARN_UNUSED_FUNCTION = YES;
				GCC_WARN_UNUSED_VARIABLE = YES;
				IPHONEOS_DEPLOYMENT_TARGET = 15.2;
				MTL_ENABLE_DEBUG_INFO = NO;
				MTL_FAST_MATH = YES;
				SDKROOT = iphoneos;
				SWIFT_COMPILATION_MODE = wholemodule;
				SWIFT_OPTIMIZATION_LEVEL = "-O";
				VALIDATE_PRODUCT = YES;
			};
			name = Release;
		};
		C6AC78B1298D90EF0001A7D9 /* Debug */ = {
			isa = XCBuildConfiguration;
			buildSettings = {
				ASSETCATALOG_COMPILER_APPICON_NAME = AppIcon;
				ASSETCATALOG_COMPILER_GLOBAL_ACCENT_COLOR_NAME = AccentColor;
				CODE_SIGN_STYLE = Automatic;
				CURRENT_PROJECT_VERSION = 1;
				DEVELOPMENT_TEAM = W6475CYAYN;
				GENERATE_INFOPLIST_FILE = YES;
				INFOPLIST_FILE = Food_Zone/Info.plist;
				INFOPLIST_KEY_UIApplicationSupportsIndirectInputEvents = YES;
				INFOPLIST_KEY_UILaunchStoryboardName = LaunchScreen;
				INFOPLIST_KEY_UISupportedInterfaceOrientations_iPad = "UIInterfaceOrientationPortrait UIInterfaceOrientationPortraitUpsideDown UIInterfaceOrientationLandscapeLeft UIInterfaceOrientationLandscapeRight";
				INFOPLIST_KEY_UISupportedInterfaceOrientations_iPhone = "UIInterfaceOrientationPortrait UIInterfaceOrientationLandscapeLeft UIInterfaceOrientationLandscapeRight";
				LD_RUNPATH_SEARCH_PATHS = (
					"$(inherited)",
					"@executable_path/Frameworks",
				);
				MARKETING_VERSION = 1.0;
				PRODUCT_BUNDLE_IDENTIFIER = "NIBM.Food-Zone";
				PRODUCT_NAME = "$(TARGET_NAME)";
				SWIFT_EMIT_LOC_STRINGS = YES;
				SWIFT_VERSION = 5.0;
				TARGETED_DEVICE_FAMILY = "1,2";
			};
			name = Debug;
		};
		C6AC78B2298D90EF0001A7D9 /* Release */ = {
			isa = XCBuildConfiguration;
			buildSettings = {
				ASSETCATALOG_COMPILER_APPICON_NAME = AppIcon;
				ASSETCATALOG_COMPILER_GLOBAL_ACCENT_COLOR_NAME = AccentColor;
				CODE_SIGN_STYLE = Automatic;
				CURRENT_PROJECT_VERSION = 1;
				DEVELOPMENT_TEAM = W6475CYAYN;
				GENERATE_INFOPLIST_FILE = YES;
				INFOPLIST_FILE = Food_Zone/Info.plist;
				INFOPLIST_KEY_UIApplicationSupportsIndirectInputEvents = YES;
				INFOPLIST_KEY_UILaunchStoryboardName = LaunchScreen;
				INFOPLIST_KEY_UISupportedInterfaceOrientations_iPad = "UIInterfaceOrientationPortrait UIInterfaceOrientationPortraitUpsideDown UIInterfaceOrientationLandscapeLeft UIInterfaceOrientationLandscapeRight";
				INFOPLIST_KEY_UISupportedInterfaceOrientations_iPhone = "UIInterfaceOrientationPortrait UIInterfaceOrientationLandscapeLeft UIInterfaceOrientationLandscapeRight";
				LD_RUNPATH_SEARCH_PATHS = (
					"$(inherited)",
					"@executable_path/Frameworks",
				);
				MARKETING_VERSION = 1.0;
				PRODUCT_BUNDLE_IDENTIFIER = "NIBM.Food-Zone";
				PRODUCT_NAME = "$(TARGET_NAME)";
				SWIFT_EMIT_LOC_STRINGS = YES;
				SWIFT_VERSION = 5.0;
				TARGETED_DEVICE_FAMILY = "1,2";
			};
			name = Release;
		};
		C6AC78B4298D90EF0001A7D9 /* Debug */ = {
			isa = XCBuildConfiguration;
			buildSettings = {
				ALWAYS_EMBED_SWIFT_STANDARD_LIBRARIES = YES;
				BUNDLE_LOADER = "$(TEST_HOST)";
				CODE_SIGN_STYLE = Automatic;
				CURRENT_PROJECT_VERSION = 1;
				DEVELOPMENT_TEAM = W6475CYAYN;
				GENERATE_INFOPLIST_FILE = YES;
				IPHONEOS_DEPLOYMENT_TARGET = 15.2;
				MARKETING_VERSION = 1.0;
				PRODUCT_BUNDLE_IDENTIFIER = "NIBM.Food-ZoneTests";
				PRODUCT_NAME = "$(TARGET_NAME)";
				SWIFT_EMIT_LOC_STRINGS = NO;
				SWIFT_VERSION = 5.0;
				TARGETED_DEVICE_FAMILY = "1,2";
				TEST_HOST = "$(BUILT_PRODUCTS_DIR)/Food_Zone.app/Food_Zone";
			};
			name = Debug;
		};
		C6AC78B5298D90EF0001A7D9 /* Release */ = {
			isa = XCBuildConfiguration;
			buildSettings = {
				ALWAYS_EMBED_SWIFT_STANDARD_LIBRARIES = YES;
				BUNDLE_LOADER = "$(TEST_HOST)";
				CODE_SIGN_STYLE = Automatic;
				CURRENT_PROJECT_VERSION = 1;
				DEVELOPMENT_TEAM = W6475CYAYN;
				GENERATE_INFOPLIST_FILE = YES;
				IPHONEOS_DEPLOYMENT_TARGET = 15.2;
				MARKETING_VERSION = 1.0;
				PRODUCT_BUNDLE_IDENTIFIER = "NIBM.Food-ZoneTests";
				PRODUCT_NAME = "$(TARGET_NAME)";
				SWIFT_EMIT_LOC_STRINGS = NO;
				SWIFT_VERSION = 5.0;
				TARGETED_DEVICE_FAMILY = "1,2";
				TEST_HOST = "$(BUILT_PRODUCTS_DIR)/Food_Zone.app/Food_Zone";
			};
			name = Release;
		};
		C6AC78B7298D90EF0001A7D9 /* Debug */ = {
			isa = XCBuildConfiguration;
			buildSettings = {
				ALWAYS_EMBED_SWIFT_STANDARD_LIBRARIES = YES;
				CODE_SIGN_STYLE = Automatic;
				CURRENT_PROJECT_VERSION = 1;
				DEVELOPMENT_TEAM = W6475CYAYN;
				GENERATE_INFOPLIST_FILE = YES;
				MARKETING_VERSION = 1.0;
				PRODUCT_BUNDLE_IDENTIFIER = "NIBM.Food-ZoneUITests";
				PRODUCT_NAME = "$(TARGET_NAME)";
				SWIFT_EMIT_LOC_STRINGS = NO;
				SWIFT_VERSION = 5.0;
				TARGETED_DEVICE_FAMILY = "1,2";
				TEST_TARGET_NAME = Food_Zone;
			};
			name = Debug;
		};
		C6AC78B8298D90EF0001A7D9 /* Release */ = {
			isa = XCBuildConfiguration;
			buildSettings = {
				ALWAYS_EMBED_SWIFT_STANDARD_LIBRARIES = YES;
				CODE_SIGN_STYLE = Automatic;
				CURRENT_PROJECT_VERSION = 1;
				DEVELOPMENT_TEAM = W6475CYAYN;
				GENERATE_INFOPLIST_FILE = YES;
				MARKETING_VERSION = 1.0;
				PRODUCT_BUNDLE_IDENTIFIER = "NIBM.Food-ZoneUITests";
				PRODUCT_NAME = "$(TARGET_NAME)";
				SWIFT_EMIT_LOC_STRINGS = NO;
				SWIFT_VERSION = 5.0;
				TARGETED_DEVICE_FAMILY = "1,2";
				TEST_TARGET_NAME = Food_Zone;
			};
			name = Release;
		};
/* End XCBuildConfiguration section */

/* Begin XCConfigurationList section */
		C6AC7881298D90ED0001A7D9 /* Build configuration list for PBXProject "Food_Zone" */ = {
			isa = XCConfigurationList;
			buildConfigurations = (
				C6AC78AE298D90EF0001A7D9 /* Debug */,
				C6AC78AF298D90EF0001A7D9 /* Release */,
			);
			defaultConfigurationIsVisible = 0;
			defaultConfigurationName = Release;
		};
		C6AC78B0298D90EF0001A7D9 /* Build configuration list for PBXNativeTarget "Food_Zone" */ = {
			isa = XCConfigurationList;
			buildConfigurations = (
				C6AC78B1298D90EF0001A7D9 /* Debug */,
				C6AC78B2298D90EF0001A7D9 /* Release */,
			);
			defaultConfigurationIsVisible = 0;
			defaultConfigurationName = Release;
		};
		C6AC78B3298D90EF0001A7D9 /* Build configuration list for PBXNativeTarget "Food_ZoneTests" */ = {
			isa = XCConfigurationList;
			buildConfigurations = (
				C6AC78B4298D90EF0001A7D9 /* Debug */,
				C6AC78B5298D90EF0001A7D9 /* Release */,
			);
			defaultConfigurationIsVisible = 0;
			defaultConfigurationName = Release;
		};
		C6AC78B6298D90EF0001A7D9 /* Build configuration list for PBXNativeTarget "Food_ZoneUITests" */ = {
			isa = XCConfigurationList;
			buildConfigurations = (
				C6AC78B7298D90EF0001A7D9 /* Debug */,
				C6AC78B8298D90EF0001A7D9 /* Release */,
			);
			defaultConfigurationIsVisible = 0;
			defaultConfigurationName = Release;
		};
/* End XCConfigurationList section */

/* Begin XCRemoteSwiftPackageReference section */
		C6AC78CF298D96260001A7D9 /* XCRemoteSwiftPackageReference "SnapKit" */ = {
			isa = XCRemoteSwiftPackageReference;
			repositoryURL = "https://github.com/SnapKit/SnapKit.git";
			requirement = {
				kind = versionRange;
				maximumVersion = 6.0.0;
				minimumVersion = 5.0.0;
			};
		};
		C6AC78D2298D96370001A7D9 /* XCRemoteSwiftPackageReference "Kingfisher" */ = {
			isa = XCRemoteSwiftPackageReference;
			repositoryURL = "https://github.com/onevcat/Kingfisher.git";
			requirement = {
				branch = master;
				kind = branch;
			};
		};
		C6AC78DB298E46420001A7D9 /* XCRemoteSwiftPackageReference "firebase-ios-sdk" */ = {
			isa = XCRemoteSwiftPackageReference;
			repositoryURL = "https://github.com/firebase/firebase-ios-sdk";
			requirement = {
				kind = versionRange;
				maximumVersion = 9.0.0;
				minimumVersion = 8.7.0;
			};
		};
/* End XCRemoteSwiftPackageReference section */

/* Begin XCSwiftPackageProductDependency section */
		C6AC78D0298D96260001A7D9 /* SnapKit */ = {
			isa = XCSwiftPackageProductDependency;
			package = C6AC78CF298D96260001A7D9 /* XCRemoteSwiftPackageReference "SnapKit" */;
			productName = SnapKit;
		};
		C6AC78D3298D96370001A7D9 /* Kingfisher */ = {
			isa = XCSwiftPackageProductDependency;
			package = C6AC78D2298D96370001A7D9 /* XCRemoteSwiftPackageReference "Kingfisher" */;
			productName = Kingfisher;
		};
		C6AC78DC298E46420001A7D9 /* FirebaseAuth */ = {
			isa = XCSwiftPackageProductDependency;
			package = C6AC78DB298E46420001A7D9 /* XCRemoteSwiftPackageReference "firebase-ios-sdk" */;
			productName = FirebaseAuth;
		};
		C6AC78DE298E46420001A7D9 /* FirebaseFirestore */ = {
			isa = XCSwiftPackageProductDependency;
			package = C6AC78DB298E46420001A7D9 /* XCRemoteSwiftPackageReference "firebase-ios-sdk" */;
			productName = FirebaseFirestore;
		};
/* End XCSwiftPackageProductDependency section */
	};
	rootObject = C6AC787E298D90ED0001A7D9 /* Project object */;
}
